
Microsoft Visual Studio Solution File, Format Version 12.00
# Visual Studio Version 17
VisualStudioVersion = 17.4.33122.133
MinimumVisualStudioVersion = 10.0.40219.1
Project("{FAE04EC0-301F-11D3-BF4B-00C04F79EFBC}") = "Snake test", "Snake test.csproj", "{996918B1-3E9E-4B9F-818F-EE8CB38646EC}"
EndProject
Global
	GlobalSection(SolutionConfigurationPlatforms) = preSolution
		Debug|Any CPU = Debug|Any CPU
		Release|Any CPU = Release|Any CPU
	EndGlobalSection
	GlobalSection(ProjectConfigurationPlatforms) = postSolution
		{996918B1-3E9E-4B9F-818F-EE8CB38646EC}.Debug|Any CPU.ActiveCfg = Debug|Any CPU
		{996918B1-3E9E-4B9F-818F-EE8CB38646EC}.Debug|Any CPU.Build.0 = Debug|Any CPU
		{996918B1-3E9E-4B9F-818F-EE8CB38646EC}.Release|Any CPU.ActiveCfg = Release|Any CPU
		{996918B1-3E9E-4B9F-818F-EE8CB38646EC}.Release|Any CPU.Build.0 = Release|Any CPU
	EndGlobalSection
	GlobalSection(SolutionProperties) = preSolution
		HideSolutionNode = FALSE
	EndGlobalSection
	GlobalSection(ExtensibilityGlobals) = postSolution
		SolutionGuid = {79502CB6-C858-4C87-B6EE-DAD400A021C6}
	EndGlobalSection
EndGlobal
